// !$*UTF8*$!
{
	archiveVersion = 1;
	classes = {
	};
	objectVersion = 56;
	objects = {

/* Begin PBXBuildFile section */
		A2F715312A68C34200ACB44B /* AppDelegate.swift in Sources */ = {isa = PBXBuildFile; fileRef = A2F715302A68C34200ACB44B /* AppDelegate.swift */; };
		A2F715332A68C34200ACB44B /* SceneDelegate.swift in Sources */ = {isa = PBXBuildFile; fileRef = A2F715322A68C34200ACB44B /* SceneDelegate.swift */; };
		A2F715352A68C34200ACB44B /* Loading.swift in Sources */ = {isa = PBXBuildFile; fileRef = A2F715342A68C34200ACB44B /* Loading.swift */; };
		A2F715382A68C34200ACB44B /* Main.storyboard in Resources */ = {isa = PBXBuildFile; fileRef = A2F715362A68C34200ACB44B /* Main.storyboard */; };
		A2F7153A2A68C34400ACB44B /* Assets.xcassets in Resources */ = {isa = PBXBuildFile; fileRef = A2F715392A68C34400ACB44B /* Assets.xcassets */; };
		A2F7153D2A68C34400ACB44B /* LaunchScreen.storyboard in Resources */ = {isa = PBXBuildFile; fileRef = A2F7153B2A68C34400ACB44B /* LaunchScreen.storyboard */; };
		A2F715482A68C34400ACB44B /* PresentsDessertsTests.swift in Sources */ = {isa = PBXBuildFile; fileRef = A2F715472A68C34400ACB44B /* PresentsDessertsTests.swift */; };
		A2F715522A68C34400ACB44B /* PresentsDessertsUITests.swift in Sources */ = {isa = PBXBuildFile; fileRef = A2F715512A68C34400ACB44B /* PresentsDessertsUITests.swift */; };
		A2F715542A68C34400ACB44B /* PresentsDessertsUITestsLaunchTests.swift in Sources */ = {isa = PBXBuildFile; fileRef = A2F715532A68C34400ACB44B /* PresentsDessertsUITestsLaunchTests.swift */; };
		A2F715622A68C39B00ACB44B /* Home.swift in Sources */ = {isa = PBXBuildFile; fileRef = A2F715612A68C39B00ACB44B /* Home.swift */; };
		A2F715642A68C3C700ACB44B /* Saved.swift in Sources */ = {isa = PBXBuildFile; fileRef = A2F715632A68C3C700ACB44B /* Saved.swift */; };
		A2F715672A68C40E00ACB44B /* Mynerve-Regular.ttf in Resources */ = {isa = PBXBuildFile; fileRef = A2F715662A68C40D00ACB44B /* Mynerve-Regular.ttf */; };
		A2F715682A68C40E00ACB44B /* Mynerve-Regular.ttf in Resources */ = {isa = PBXBuildFile; fileRef = A2F715662A68C40D00ACB44B /* Mynerve-Regular.ttf */; };
		A2F715692A68C40E00ACB44B /* Mynerve-Regular.ttf in Resources */ = {isa = PBXBuildFile; fileRef = A2F715662A68C40D00ACB44B /* Mynerve-Regular.ttf */; };
		A2F7156C2A68C50F00ACB44B /* Lottie in Frameworks */ = {isa = PBXBuildFile; productRef = A2F7156B2A68C50F00ACB44B /* Lottie */; };
		A2F7156E2A68C5A500ACB44B /* animation_lk8xo6lc.json in Resources */ = {isa = PBXBuildFile; fileRef = A2F7156D2A68C5A500ACB44B /* animation_lk8xo6lc.json */; };
		A2F7156F2A68C5A500ACB44B /* animation_lk8xo6lc.json in Resources */ = {isa = PBXBuildFile; fileRef = A2F7156D2A68C5A500ACB44B /* animation_lk8xo6lc.json */; };
		A2F715702A68C5A500ACB44B /* animation_lk8xo6lc.json in Resources */ = {isa = PBXBuildFile; fileRef = A2F7156D2A68C5A500ACB44B /* animation_lk8xo6lc.json */; };
/* End PBXBuildFile section */

/* Begin PBXContainerItemProxy section */
		A2F715442A68C34400ACB44B /* PBXContainerItemProxy */ = {
			isa = PBXContainerItemProxy;
			containerPortal = A2F715252A68C34200ACB44B /* Project object */;
			proxyType = 1;
			remoteGlobalIDString = A2F7152C2A68C34200ACB44B;
			remoteInfo = PresentsDesserts;
		};
		A2F7154E2A68C34400ACB44B /* PBXContainerItemProxy */ = {
			isa = PBXContainerItemProxy;
			containerPortal = A2F715252A68C34200ACB44B /* Project object */;
			proxyType = 1;
			remoteGlobalIDString = A2F7152C2A68C34200ACB44B;
			remoteInfo = PresentsDesserts;
		};
/* End PBXContainerItemProxy section */

/* Begin PBXFileReference section */
		A2F7152D2A68C34200ACB44B /* eunhaego.app */ = {isa = PBXFileReference; explicitFileType = wrapper.application; includeInIndex = 0; path = eunhaego.app; sourceTree = BUILT_PRODUCTS_DIR; };
		A2F715302A68C34200ACB44B /* AppDelegate.swift */ = {isa = PBXFileReference; lastKnownFileType = sourcecode.swift; path = AppDelegate.swift; sourceTree = "<group>"; };
		A2F715322A68C34200ACB44B /* SceneDelegate.swift */ = {isa = PBXFileReference; lastKnownFileType = sourcecode.swift; path = SceneDelegate.swift; sourceTree = "<group>"; };
		A2F715342A68C34200ACB44B /* Loading.swift */ = {isa = PBXFileReference; lastKnownFileType = sourcecode.swift; path = Loading.swift; sourceTree = "<group>"; };
		A2F715372A68C34200ACB44B /* Base */ = {isa = PBXFileReference; lastKnownFileType = file.storyboard; name = Base; path = Base.lproj/Main.storyboard; sourceTree = "<group>"; };
		A2F715392A68C34400ACB44B /* Assets.xcassets */ = {isa = PBXFileReference; lastKnownFileType = folder.assetcatalog; path = Assets.xcassets; sourceTree = "<group>"; };
		A2F7153C2A68C34400ACB44B /* Base */ = {isa = PBXFileReference; lastKnownFileType = file.storyboard; name = Base; path = Base.lproj/LaunchScreen.storyboard; sourceTree = "<group>"; };
		A2F7153E2A68C34400ACB44B /* Info.plist */ = {isa = PBXFileReference; lastKnownFileType = text.plist.xml; path = Info.plist; sourceTree = "<group>"; };
		A2F715432A68C34400ACB44B /* eunhaegoTests.xctest */ = {isa = PBXFileReference; explicitFileType = wrapper.cfbundle; includeInIndex = 0; path = eunhaegoTests.xctest; sourceTree = BUILT_PRODUCTS_DIR; };
		A2F715472A68C34400ACB44B /* PresentsDessertsTests.swift */ = {isa = PBXFileReference; lastKnownFileType = sourcecode.swift; path = PresentsDessertsTests.swift; sourceTree = "<group>"; };
		A2F7154D2A68C34400ACB44B /* eunhaegoUITests.xctest */ = {isa = PBXFileReference; explicitFileType = wrapper.cfbundle; includeInIndex = 0; path = eunhaegoUITests.xctest; sourceTree = BUILT_PRODUCTS_DIR; };
		A2F715512A68C34400ACB44B /* PresentsDessertsUITests.swift */ = {isa = PBXFileReference; lastKnownFileType = sourcecode.swift; path = PresentsDessertsUITests.swift; sourceTree = "<group>"; };
		A2F715532A68C34400ACB44B /* PresentsDessertsUITestsLaunchTests.swift */ = {isa = PBXFileReference; lastKnownFileType = sourcecode.swift; path = PresentsDessertsUITestsLaunchTests.swift; sourceTree = "<group>"; };
		A2F715612A68C39B00ACB44B /* Home.swift */ = {isa = PBXFileReference; lastKnownFileType = sourcecode.swift; path = Home.swift; sourceTree = "<group>"; };
		A2F715632A68C3C700ACB44B /* Saved.swift */ = {isa = PBXFileReference; lastKnownFileType = sourcecode.swift; path = Saved.swift; sourceTree = "<group>"; };
		A2F715662A68C40D00ACB44B /* Mynerve-Regular.ttf */ = {isa = PBXFileReference; lastKnownFileType = file; path = "Mynerve-Regular.ttf"; sourceTree = "<group>"; };
		A2F7156D2A68C5A500ACB44B /* animation_lk8xo6lc.json */ = {isa = PBXFileReference; fileEncoding = 4; lastKnownFileType = text.json; path = animation_lk8xo6lc.json; sourceTree = "<group>"; };
/* End PBXFileReference section */

/* Begin PBXFrameworksBuildPhase section */
		A2F7152A2A68C34200ACB44B /* Frameworks */ = {
			isa = PBXFrameworksBuildPhase;
			buildActionMask = 2147483647;
			files = (
				A2F7156C2A68C50F00ACB44B /* Lottie in Frameworks */,
			);
			runOnlyForDeploymentPostprocessing = 0;
		};
		A2F715402A68C34400ACB44B /* Frameworks */ = {
			isa = PBXFrameworksBuildPhase;
			buildActionMask = 2147483647;
			files = (
			);
			runOnlyForDeploymentPostprocessing = 0;
		};
		A2F7154A2A68C34400ACB44B /* Frameworks */ = {
			isa = PBXFrameworksBuildPhase;
			buildActionMask = 2147483647;
			files = (
			);
			runOnlyForDeploymentPostprocessing = 0;
		};
/* End PBXFrameworksBuildPhase section */

/* Begin PBXGroup section */
		A2F715242A68C34200ACB44B = {
			isa = PBXGroup;
			children = (
				A2F7152F2A68C34200ACB44B /* PresentsDesserts */,
				A2F715652A68C3F800ACB44B /* Fonts */,
				A2F715462A68C34400ACB44B /* PresentsDessertsTests */,
				A2F715502A68C34400ACB44B /* PresentsDessertsUITests */,
				A2F7152E2A68C34200ACB44B /* Products */,
			);
			sourceTree = "<group>";
		};
		A2F7152E2A68C34200ACB44B /* Products */ = {
			isa = PBXGroup;
			children = (
				A2F7152D2A68C34200ACB44B /* eunhaego.app */,
				A2F715432A68C34400ACB44B /* eunhaegoTests.xctest */,
				A2F7154D2A68C34400ACB44B /* eunhaegoUITests.xctest */,
			);
			name = Products;
			sourceTree = "<group>";
		};
		A2F7152F2A68C34200ACB44B /* PresentsDesserts */ = {
			isa = PBXGroup;
			children = (
				A2F7156D2A68C5A500ACB44B /* animation_lk8xo6lc.json */,
				A2F715602A68C35700ACB44B /* Views */,
				A2F715302A68C34200ACB44B /* AppDelegate.swift */,
				A2F715322A68C34200ACB44B /* SceneDelegate.swift */,
				A2F715362A68C34200ACB44B /* Main.storyboard */,
				A2F715392A68C34400ACB44B /* Assets.xcassets */,
				A2F7153B2A68C34400ACB44B /* LaunchScreen.storyboard */,
				A2F7153E2A68C34400ACB44B /* Info.plist */,
			);
			path = PresentsDesserts;
			sourceTree = "<group>";
		};
		A2F715462A68C34400ACB44B /* PresentsDessertsTests */ = {
			isa = PBXGroup;
			children = (
				A2F715472A68C34400ACB44B /* PresentsDessertsTests.swift */,
			);
			path = PresentsDessertsTests;
			sourceTree = "<group>";
		};
		A2F715502A68C34400ACB44B /* PresentsDessertsUITests */ = {
			isa = PBXGroup;
			children = (
				A2F715512A68C34400ACB44B /* PresentsDessertsUITests.swift */,
				A2F715532A68C34400ACB44B /* PresentsDessertsUITestsLaunchTests.swift */,
			);
			path = PresentsDessertsUITests;
			sourceTree = "<group>";
		};
		A2F715602A68C35700ACB44B /* Views */ = {
			isa = PBXGroup;
			children = (
				A2F715342A68C34200ACB44B /* Loading.swift */,
				A2F715612A68C39B00ACB44B /* Home.swift */,
				A2F715632A68C3C700ACB44B /* Saved.swift */,
			);
			path = Views;
			sourceTree = "<group>";
		};
		A2F715652A68C3F800ACB44B /* Fonts */ = {
			isa = PBXGroup;
			children = (
				A2F715662A68C40D00ACB44B /* Mynerve-Regular.ttf */,
			);
			path = Fonts;
			sourceTree = "<group>";
		};
/* End PBXGroup section */

/* Begin PBXNativeTarget section */
		A2F7152C2A68C34200ACB44B /* eunhaego */ = {
			isa = PBXNativeTarget;
			buildConfigurationList = A2F715572A68C34400ACB44B /* Build configuration list for PBXNativeTarget "eunhaego" */;
			buildPhases = (
				A2F715292A68C34200ACB44B /* Sources */,
				A2F7152A2A68C34200ACB44B /* Frameworks */,
				A2F7152B2A68C34200ACB44B /* Resources */,
			);
			buildRules = (
			);
			dependencies = (
			);
			name = eunhaego;
			packageProductDependencies = (
				A2F7156B2A68C50F00ACB44B /* Lottie */,
			);
			productName = PresentsDesserts;
			productReference = A2F7152D2A68C34200ACB44B /* eunhaego.app */;
			productType = "com.apple.product-type.application";
		};
		A2F715422A68C34400ACB44B /* eunhaegoTests */ = {
			isa = PBXNativeTarget;
			buildConfigurationList = A2F7155A2A68C34400ACB44B /* Build configuration list for PBXNativeTarget "eunhaegoTests" */;
			buildPhases = (
				A2F7153F2A68C34400ACB44B /* Sources */,
				A2F715402A68C34400ACB44B /* Frameworks */,
				A2F715412A68C34400ACB44B /* Resources */,
			);
			buildRules = (
			);
			dependencies = (
				A2F715452A68C34400ACB44B /* PBXTargetDependency */,
			);
			name = eunhaegoTests;
			productName = PresentsDessertsTests;
			productReference = A2F715432A68C34400ACB44B /* eunhaegoTests.xctest */;
			productType = "com.apple.product-type.bundle.unit-test";
		};
		A2F7154C2A68C34400ACB44B /* eunhaegoUITests */ = {
			isa = PBXNativeTarget;
			buildConfigurationList = A2F7155D2A68C34400ACB44B /* Build configuration list for PBXNativeTarget "eunhaegoUITests" */;
			buildPhases = (
				A2F715492A68C34400ACB44B /* Sources */,
				A2F7154A2A68C34400ACB44B /* Frameworks */,
				A2F7154B2A68C34400ACB44B /* Resources */,
			);
			buildRules = (
			);
			dependencies = (
				A2F7154F2A68C34400ACB44B /* PBXTargetDependency */,
			);
			name = eunhaegoUITests;
			productName = PresentsDessertsUITests;
			productReference = A2F7154D2A68C34400ACB44B /* eunhaegoUITests.xctest */;
			productType = "com.apple.product-type.bundle.ui-testing";
		};
/* End PBXNativeTarget section */

/* Begin PBXProject section */
		A2F715252A68C34200ACB44B /* Project object */ = {
			isa = PBXProject;
			attributes = {
				BuildIndependentTargetsInParallel = 1;
				LastSwiftUpdateCheck = 1430;
				LastUpgradeCheck = 1430;
				TargetAttributes = {
					A2F7152C2A68C34200ACB44B = {
						CreatedOnToolsVersion = 14.3.1;
					};
					A2F715422A68C34400ACB44B = {
						CreatedOnToolsVersion = 14.3.1;
						TestTargetID = A2F7152C2A68C34200ACB44B;
					};
					A2F7154C2A68C34400ACB44B = {
						CreatedOnToolsVersion = 14.3.1;
						TestTargetID = A2F7152C2A68C34200ACB44B;
					};
				};
			};
			buildConfigurationList = A2F715282A68C34200ACB44B /* Build configuration list for PBXProject "eunhaego" */;
			compatibilityVersion = "Xcode 14.0";
			developmentRegion = en;
			hasScannedForEncodings = 0;
			knownRegions = (
				en,
				Base,
			);
			mainGroup = A2F715242A68C34200ACB44B;
			packageReferences = (
				A2F7156A2A68C50F00ACB44B /* XCRemoteSwiftPackageReference "lottie-spm" */,
			);
			productRefGroup = A2F7152E2A68C34200ACB44B /* Products */;
			projectDirPath = "";
			projectRoot = "";
			targets = (
				A2F7152C2A68C34200ACB44B /* eunhaego */,
				A2F715422A68C34400ACB44B /* eunhaegoTests */,
				A2F7154C2A68C34400ACB44B /* eunhaegoUITests */,
			);
		};
/* End PBXProject section */

/* Begin PBXResourcesBuildPhase section */
		A2F7152B2A68C34200ACB44B /* Resources */ = {
			isa = PBXResourcesBuildPhase;
			buildActionMask = 2147483647;
			files = (
				A2F715672A68C40E00ACB44B /* Mynerve-Regular.ttf in Resources */,
				A2F7153D2A68C34400ACB44B /* LaunchScreen.storyboard in Resources */,
				A2F7153A2A68C34400ACB44B /* Assets.xcassets in Resources */,
				A2F715382A68C34200ACB44B /* Main.storyboard in Resources */,
				A2F7156E2A68C5A500ACB44B /* animation_lk8xo6lc.json in Resources */,
			);
			runOnlyForDeploymentPostprocessing = 0;
		};
		A2F715412A68C34400ACB44B /* Resources */ = {
			isa = PBXResourcesBuildPhase;
			buildActionMask = 2147483647;
			files = (
				A2F715682A68C40E00ACB44B /* Mynerve-Regular.ttf in Resources */,
				A2F7156F2A68C5A500ACB44B /* animation_lk8xo6lc.json in Resources */,
			);
			runOnlyForDeploymentPostprocessing = 0;
		};
		A2F7154B2A68C34400ACB44B /* Resources */ = {
			isa = PBXResourcesBuildPhase;
			buildActionMask = 2147483647;
			files = (
				A2F715692A68C40E00ACB44B /* Mynerve-Regular.ttf in Resources */,
				A2F715702A68C5A500ACB44B /* animation_lk8xo6lc.json in Resources */,
			);
			runOnlyForDeploymentPostprocessing = 0;
		};
/* End PBXResourcesBuildPhase section */

/* Begin PBXSourcesBuildPhase section */
		A2F715292A68C34200ACB44B /* Sources */ = {
			isa = PBXSourcesBuildPhase;
			buildActionMask = 2147483647;
			files = (
				A2F715352A68C34200ACB44B /* Loading.swift in Sources */,
				A2F715312A68C34200ACB44B /* AppDelegate.swift in Sources */,
				A2F715622A68C39B00ACB44B /* Home.swift in Sources */,
				A2F715332A68C34200ACB44B /* SceneDelegate.swift in Sources */,
				A2F715642A68C3C700ACB44B /* Saved.swift in Sources */,
			);
			runOnlyForDeploymentPostprocessing = 0;
		};
		A2F7153F2A68C34400ACB44B /* Sources */ = {
			isa = PBXSourcesBuildPhase;
			buildActionMask = 2147483647;
			files = (
				A2F715482A68C34400ACB44B /* PresentsDessertsTests.swift in Sources */,
			);
			runOnlyForDeploymentPostprocessing = 0;
		};
		A2F715492A68C34400ACB44B /* Sources */ = {
			isa = PBXSourcesBuildPhase;
			buildActionMask = 2147483647;
			files = (
				A2F715522A68C34400ACB44B /* PresentsDessertsUITests.swift in Sources */,
				A2F715542A68C34400ACB44B /* PresentsDessertsUITestsLaunchTests.swift in Sources */,
			);
			runOnlyForDeploymentPostprocessing = 0;
		};
/* End PBXSourcesBuildPhase section */

/* Begin PBXTargetDependency section */
		A2F715452A68C34400ACB44B /* PBXTargetDependency */ = {
			isa = PBXTargetDependency;
			target = A2F7152C2A68C34200ACB44B /* eunhaego */;
			targetProxy = A2F715442A68C34400ACB44B /* PBXContainerItemProxy */;
		};
		A2F7154F2A68C34400ACB44B /* PBXTargetDependency */ = {
			isa = PBXTargetDependency;
			target = A2F7152C2A68C34200ACB44B /* eunhaego */;
			targetProxy = A2F7154E2A68C34400ACB44B /* PBXContainerItemProxy */;
		};
/* End PBXTargetDependency section */

/* Begin PBXVariantGroup section */
		A2F715362A68C34200ACB44B /* Main.storyboard */ = {
			isa = PBXVariantGroup;
			children = (
				A2F715372A68C34200ACB44B /* Base */,
			);
			name = Main.storyboard;
			sourceTree = "<group>";
		};
		A2F7153B2A68C34400ACB44B /* LaunchScreen.storyboard */ = {
			isa = PBXVariantGroup;
			children = (
				A2F7153C2A68C34400ACB44B /* Base */,
			);
			name = LaunchScreen.storyboard;
			sourceTree = "<group>";
		};
/* End PBXVariantGroup section */

/* Begin XCBuildConfiguration section */
		A2F715552A68C34400ACB44B /* Debug */ = {
			isa = XCBuildConfiguration;
			buildSettings = {
				ALWAYS_SEARCH_USER_PATHS = NO;
				CLANG_ANALYZER_NONNULL = YES;
				CLANG_ANALYZER_NUMBER_OBJECT_CONVERSION = YES_AGGRESSIVE;
				CLANG_CXX_LANGUAGE_STANDARD = "gnu++20";
				CLANG_ENABLE_MODULES = YES;
				CLANG_ENABLE_OBJC_ARC = YES;
				CLANG_ENABLE_OBJC_WEAK = YES;
				CLANG_WARN_BLOCK_CAPTURE_AUTORELEASING = YES;
				CLANG_WARN_BOOL_CONVERSION = YES;
				CLANG_WARN_COMMA = YES;
				CLANG_WARN_CONSTANT_CONVERSION = YES;
				CLANG_WARN_DEPRECATED_OBJC_IMPLEMENTATIONS = YES;
				CLANG_WARN_DIRECT_OBJC_ISA_USAGE = YES_ERROR;
				CLANG_WARN_DOCUMENTATION_COMMENTS = YES;
				CLANG_WARN_EMPTY_BODY = YES;
				CLANG_WARN_ENUM_CONVERSION = YES;
				CLANG_WARN_INFINITE_RECURSION = YES;
				CLANG_WARN_INT_CONVERSION = YES;
				CLANG_WARN_NON_LITERAL_NULL_CONVERSION = YES;
				CLANG_WARN_OBJC_IMPLICIT_RETAIN_SELF = YES;
				CLANG_WARN_OBJC_LITERAL_CONVERSION = YES;
				CLANG_WARN_OBJC_ROOT_CLASS = YES_ERROR;
				CLANG_WARN_QUOTED_INCLUDE_IN_FRAMEWORK_HEADER = YES;
				CLANG_WARN_RANGE_LOOP_ANALYSIS = YES;
				CLANG_WARN_STRICT_PROTOTYPES = YES;
				CLANG_WARN_SUSPICIOUS_MOVE = YES;
				CLANG_WARN_UNGUARDED_AVAILABILITY = YES_AGGRESSIVE;
				CLANG_WARN_UNREACHABLE_CODE = YES;
				CLANG_WARN__DUPLICATE_METHOD_MATCH = YES;
				COPY_PHASE_STRIP = NO;
				DEBUG_INFORMATION_FORMAT = dwarf;
				ENABLE_STRICT_OBJC_MSGSEND = YES;
				ENABLE_TESTABILITY = YES;
				GCC_C_LANGUAGE_STANDARD = gnu11;
				GCC_DYNAMIC_NO_PIC = NO;
				GCC_NO_COMMON_BLOCKS = YES;
				GCC_OPTIMIZATION_LEVEL = 0;
				GCC_PREPROCESSOR_DEFINITIONS = (
					"DEBUG=1",
					"$(inherited)",
				);
				GCC_WARN_64_TO_32_BIT_CONVERSION = YES;
				GCC_WARN_ABOUT_RETURN_TYPE = YES_ERROR;
				GCC_WARN_UNDECLARED_SELECTOR = YES;
				GCC_WARN_UNINITIALIZED_AUTOS = YES_AGGRESSIVE;
				GCC_WARN_UNUSED_FUNCTION = YES;
				GCC_WARN_UNUSED_VARIABLE = YES;
				IPHONEOS_DEPLOYMENT_TARGET = 16.4;
				MTL_ENABLE_DEBUG_INFO = INCLUDE_SOURCE;
				MTL_FAST_MATH = YES;
				ONLY_ACTIVE_ARCH = YES;
				SDKROOT = iphoneos;
				SWIFT_ACTIVE_COMPILATION_CONDITIONS = DEBUG;
				SWIFT_OPTIMIZATION_LEVEL = "-Onone";
			};
			name = Debug;
		};
		A2F715562A68C34400ACB44B /* Release */ = {
			isa = XCBuildConfiguration;
			buildSettings = {
				ALWAYS_SEARCH_USER_PATHS = NO;
				CLANG_ANALYZER_NONNULL = YES;
				CLANG_ANALYZER_NUMBER_OBJECT_CONVERSION = YES_AGGRESSIVE;
				CLANG_CXX_LANGUAGE_STANDARD = "gnu++20";
				CLANG_ENABLE_MODULES = YES;
				CLANG_ENABLE_OBJC_ARC = YES;
				CLANG_ENABLE_OBJC_WEAK = YES;
				CLANG_WARN_BLOCK_CAPTURE_AUTORELEASING = YES;
				CLANG_WARN_BOOL_CONVERSION = YES;
				CLANG_WARN_COMMA = YES;
				CLANG_WARN_CONSTANT_CONVERSION = YES;
				CLANG_WARN_DEPRECATED_OBJC_IMPLEMENTATIONS = YES;
				CLANG_WARN_DIRECT_OBJC_ISA_USAGE = YES_ERROR;
				CLANG_WARN_DOCUMENTATION_COMMENTS = YES;
				CLANG_WARN_EMPTY_BODY = YES;
				CLANG_WARN_ENUM_CONVERSION = YES;
				CLANG_WARN_INFINITE_RECURSION = YES;
				CLANG_WARN_INT_CONVERSION = YES;
				CLANG_WARN_NON_LITERAL_NULL_CONVERSION = YES;
				CLANG_WARN_OBJC_IMPLICIT_RETAIN_SELF = YES;
				CLANG_WARN_OBJC_LITERAL_CONVERSION = YES;
				CLANG_WARN_OBJC_ROOT_CLASS = YES_ERROR;
				CLANG_WARN_QUOTED_INCLUDE_IN_FRAMEWORK_HEADER = YES;
				CLANG_WARN_RANGE_LOOP_ANALYSIS = YES;
				CLANG_WARN_STRICT_PROTOTYPES = YES;
				CLANG_WARN_SUSPICIOUS_MOVE = YES;
				CLANG_WARN_UNGUARDED_AVAILABILITY = YES_AGGRESSIVE;
				CLANG_WARN_UNREACHABLE_CODE = YES;
				CLANG_WARN__DUPLICATE_METHOD_MATCH = YES;
				COPY_PHASE_STRIP = NO;
				DEBUG_INFORMATION_FORMAT = "dwarf-with-dsym";
				ENABLE_NS_ASSERTIONS = NO;
				ENABLE_STRICT_OBJC_MSGSEND = YES;
				GCC_C_LANGUAGE_STANDARD = gnu11;
				GCC_NO_COMMON_BLOCKS = YES;
				GCC_WARN_64_TO_32_BIT_CONVERSION = YES;
				GCC_WARN_ABOUT_RETURN_TYPE = YES_ERROR;
				GCC_WARN_UNDECLARED_SELECTOR = YES;
				GCC_WARN_UNINITIALIZED_AUTOS = YES_AGGRESSIVE;
				GCC_WARN_UNUSED_FUNCTION = YES;
				GCC_WARN_UNUSED_VARIABLE = YES;
				IPHONEOS_DEPLOYMENT_TARGET = 16.4;
				MTL_ENABLE_DEBUG_INFO = NO;
				MTL_FAST_MATH = YES;
				SDKROOT = iphoneos;
				SWIFT_COMPILATION_MODE = wholemodule;
				SWIFT_OPTIMIZATION_LEVEL = "-O";
				VALIDATE_PRODUCT = YES;
			};
			name = Release;
		};
		A2F715582A68C34400ACB44B /* Debug */ = {
			isa = XCBuildConfiguration;
			buildSettings = {
				ASSETCATALOG_COMPILER_APPICON_NAME = AppIcon;
				ASSETCATALOG_COMPILER_GLOBAL_ACCENT_COLOR_NAME = AccentColor;
				CODE_SIGN_STYLE = Automatic;
				CURRENT_PROJECT_VERSION = 1;
				GENERATE_INFOPLIST_FILE = YES;
				INFOPLIST_FILE = PresentsDesserts/Info.plist;
				INFOPLIST_KEY_UIApplicationSupportsIndirectInputEvents = YES;
				INFOPLIST_KEY_UILaunchStoryboardName = LaunchScreen;
				INFOPLIST_KEY_UIMainStoryboardFile = Main;
				INFOPLIST_KEY_UISupportedInterfaceOrientations_iPad = "UIInterfaceOrientationPortrait UIInterfaceOrientationPortraitUpsideDown UIInterfaceOrientationLandscapeLeft UIInterfaceOrientationLandscapeRight";
				INFOPLIST_KEY_UISupportedInterfaceOrientations_iPhone = "UIInterfaceOrientationPortrait UIInterfaceOrientationLandscapeLeft UIInterfaceOrientationLandscapeRight";
				IPHONEOS_DEPLOYMENT_TARGET = 15.0;
				LD_RUNPATH_SEARCH_PATHS = (
					"$(inherited)",
					"@executable_path/Frameworks",
				);
				MARKETING_VERSION = 1.0;
				PRODUCT_BUNDLE_IDENTIFIER = com.kelly.PresentsDesserts;
				PRODUCT_NAME = "$(TARGET_NAME)";
				SWIFT_EMIT_LOC_STRINGS = YES;
				SWIFT_VERSION = 5.0;
				TARGETED_DEVICE_FAMILY = "1,2";
			};
			name = Debug;
		};
		A2F715592A68C34400ACB44B /* Release */ = {
			isa = XCBuildConfiguration;
			buildSettings = {
				ASSETCATALOG_COMPILER_APPICON_NAME = AppIcon;
				ASSETCATALOG_COMPILER_GLOBAL_ACCENT_COLOR_NAME = AccentColor;
				CODE_SIGN_STYLE = Automatic;
				CURRENT_PROJECT_VERSION = 1;
				GENERATE_INFOPLIST_FILE = YES;
				INFOPLIST_FILE = PresentsDesserts/Info.plist;
				INFOPLIST_KEY_UIApplicationSupportsIndirectInputEvents = YES;
				INFOPLIST_KEY_UILaunchStoryboardName = LaunchScreen;
				INFOPLIST_KEY_UIMainStoryboardFile = Main;
				INFOPLIST_KEY_UISupportedInterfaceOrientations_iPad = "UIInterfaceOrientationPortrait UIInterfaceOrientationPortraitUpsideDown UIInterfaceOrientationLandscapeLeft UIInterfaceOrientationLandscapeRight";
				INFOPLIST_KEY_UISupportedInterfaceOrientations_iPhone = "UIInterfaceOrientationPortrait UIInterfaceOrientationLandscapeLeft UIInterfaceOrientationLandscapeRight";
				IPHONEOS_DEPLOYMENT_TARGET = 15.0;
				LD_RUNPATH_SEARCH_PATHS = (
					"$(inherited)",
					"@executable_path/Frameworks",
				);
				MARKETING_VERSION = 1.0;
				PRODUCT_BUNDLE_IDENTIFIER = com.kelly.PresentsDesserts;
				PRODUCT_NAME = "$(TARGET_NAME)";
				SWIFT_EMIT_LOC_STRINGS = YES;
				SWIFT_VERSION = 5.0;
				TARGETED_DEVICE_FAMILY = "1,2";
			};
			name = Release;
		};
		A2F7155B2A68C34400ACB44B /* Debug */ = {
			isa = XCBuildConfiguration;
			buildSettings = {
				ALWAYS_EMBED_SWIFT_STANDARD_LIBRARIES = YES;
				BUNDLE_LOADER = "$(TEST_HOST)";
				CODE_SIGN_STYLE = Automatic;
				CURRENT_PROJECT_VERSION = 1;
				GENERATE_INFOPLIST_FILE = YES;
				IPHONEOS_DEPLOYMENT_TARGET = 16.4;
				MARKETING_VERSION = 1.0;
				PRODUCT_BUNDLE_IDENTIFIER = com.kelly.PresentsDessertsTests;
				PRODUCT_NAME = "$(TARGET_NAME)";
				SWIFT_EMIT_LOC_STRINGS = NO;
				SWIFT_VERSION = 5.0;
				TARGETED_DEVICE_FAMILY = "1,2";
				TEST_HOST = "$(BUILT_PRODUCTS_DIR)/eunhaego.app/$(BUNDLE_EXECUTABLE_FOLDER_PATH)/eunhaego";
			};
			name = Debug;
		};
		A2F7155C2A68C34400ACB44B /* Release */ = {
			isa = XCBuildConfiguration;
			buildSettings = {
				ALWAYS_EMBED_SWIFT_STANDARD_LIBRARIES = YES;
				BUNDLE_LOADER = "$(TEST_HOST)";
				CODE_SIGN_STYLE = Automatic;
				CURRENT_PROJECT_VERSION = 1;
				GENERATE_INFOPLIST_FILE = YES;
				IPHONEOS_DEPLOYMENT_TARGET = 16.4;
				MARKETING_VERSION = 1.0;
				PRODUCT_BUNDLE_IDENTIFIER = com.kelly.PresentsDessertsTests;
				PRODUCT_NAME = "$(TARGET_NAME)";
				SWIFT_EMIT_LOC_STRINGS = NO;
				SWIFT_VERSION = 5.0;
				TARGETED_DEVICE_FAMILY = "1,2";
				TEST_HOST = "$(BUILT_PRODUCTS_DIR)/eunhaego.app/$(BUNDLE_EXECUTABLE_FOLDER_PATH)/eunhaego";
			};
			name = Release;
		};
		A2F7155E2A68C34400ACB44B /* Debug */ = {
			isa = XCBuildConfiguration;
			buildSettings = {
				ALWAYS_EMBED_SWIFT_STANDARD_LIBRARIES = YES;
				CODE_SIGN_STYLE = Automatic;
				CURRENT_PROJECT_VERSION = 1;
				GENERATE_INFOPLIST_FILE = YES;
				MARKETING_VERSION = 1.0;
				PRODUCT_BUNDLE_IDENTIFIER = com.kelly.PresentsDessertsUITests;
				PRODUCT_NAME = "$(TARGET_NAME)";
				SWIFT_EMIT_LOC_STRINGS = NO;
				SWIFT_VERSION = 5.0;
				TARGETED_DEVICE_FAMILY = "1,2";
				TEST_TARGET_NAME = PresentsDesserts;
			};
			name = Debug;
		};
		A2F7155F2A68C34400ACB44B /* Release */ = {
			isa = XCBuildConfiguration;
			buildSettings = {
				ALWAYS_EMBED_SWIFT_STANDARD_LIBRARIES = YES;
				CODE_SIGN_STYLE = Automatic;
				CURRENT_PROJECT_VERSION = 1;
				GENERATE_INFOPLIST_FILE = YES;
				MARKETING_VERSION = 1.0;
				PRODUCT_BUNDLE_IDENTIFIER = com.kelly.PresentsDessertsUITests;
				PRODUCT_NAME = "$(TARGET_NAME)";
				SWIFT_EMIT_LOC_STRINGS = NO;
				SWIFT_VERSION = 5.0;
				TARGETED_DEVICE_FAMILY = "1,2";
				TEST_TARGET_NAME = PresentsDesserts;
			};
			name = Release;
		};
/* End XCBuildConfiguration section */

/* Begin XCConfigurationList section */
		A2F715282A68C34200ACB44B /* Build configuration list for PBXProject "eunhaego" */ = {
			isa = XCConfigurationList;
			buildConfigurations = (
				A2F715552A68C34400ACB44B /* Debug */,
				A2F715562A68C34400ACB44B /* Release */,
			);
			defaultConfigurationIsVisible = 0;
			defaultConfigurationName = Release;
		};
		A2F715572A68C34400ACB44B /* Build configuration list for PBXNativeTarget "eunhaego" */ = {
			isa = XCConfigurationList;
			buildConfigurations = (
				A2F715582A68C34400ACB44B /* Debug */,
				A2F715592A68C34400ACB44B /* Release */,
			);
			defaultConfigurationIsVisible = 0;
			defaultConfigurationName = Release;
		};
		A2F7155A2A68C34400ACB44B /* Build configuration list for PBXNativeTarget "eunhaegoTests" */ = {
			isa = XCConfigurationList;
			buildConfigurations = (
				A2F7155B2A68C34400ACB44B /* Debug */,
				A2F7155C2A68C34400ACB44B /* Release */,
			);
			defaultConfigurationIsVisible = 0;
			defaultConfigurationName = Release;
		};
		A2F7155D2A68C34400ACB44B /* Build configuration list for PBXNativeTarget "eunhaegoUITests" */ = {
			isa = XCConfigurationList;
			buildConfigurations = (
				A2F7155E2A68C34400ACB44B /* Debug */,
				A2F7155F2A68C34400ACB44B /* Release */,
			);
			defaultConfigurationIsVisible = 0;
			defaultConfigurationName = Release;
		};
/* End XCConfigurationList section */

/* Begin XCRemoteSwiftPackageReference section */
		A2F7156A2A68C50F00ACB44B /* XCRemoteSwiftPackageReference "lottie-spm" */ = {
			isa = XCRemoteSwiftPackageReference;
			repositoryURL = "https://github.com/airbnb/lottie-spm.git";
			requirement = {
				kind = upToNextMajorVersion;
				minimumVersion = 4.0.0;
			};
		};
/* End XCRemoteSwiftPackageReference section */

/* Begin XCSwiftPackageProductDependency section */
		A2F7156B2A68C50F00ACB44B /* Lottie */ = {
			isa = XCSwiftPackageProductDependency;
			package = A2F7156A2A68C50F00ACB44B /* XCRemoteSwiftPackageReference "lottie-spm" */;
			productName = Lottie;
		};
/* End XCSwiftPackageProductDependency section */
	};
	rootObject = A2F715252A68C34200ACB44B /* Project object */;
}
